
Microsoft Visual Studio Solution File, Format Version 12.00
# Visual Studio Version 16
VisualStudioVersion = 16.0.29009.5
MinimumVisualStudioVersion = 10.0.40219.1
Project("{9A19103F-16F7-4668-BE54-9A1E7A4F7556}") = "GarageManager.Common", "GarageManager.Common\GarageManager.Common.csproj", "{C008A2CF-3A16-4945-9235-E527E98BA23C}"
EndProject
Project("{9A19103F-16F7-4668-BE54-9A1E7A4F7556}") = "GarageManager.Web.Models", "Web\GarageManager.Web.Models\GarageManager.Web.Models.csproj", "{7F05F2FE-61A7-4B2A-86B2-303DBEC4DE2A}"
EndProject
Project("{9A19103F-16F7-4668-BE54-9A1E7A4F7556}") = "GarageManager.Services", "Services\GarageManager.Services\GarageManager.Services.csproj", "{3559C215-32E6-467C-881D-A25FAE4E10DE}"
EndProject
Project("{9A19103F-16F7-4668-BE54-9A1E7A4F7556}") = "GarageManager.Extensions", "Services\GarageManager.Extensions\GarageManager.Extensions.csproj", "{B8A25F13-E301-47B2-9ED2-85D206658966}"
EndProject
Project("{9A19103F-16F7-4668-BE54-9A1E7A4F7556}") = "GarageManager.Data", "Data\GarageManager.Data\GarageManager.Data.csproj", "{8EBE56A5-0A0E-4F39-A588-1406E3693A53}"
EndProject
Project("{9A19103F-16F7-4668-BE54-9A1E7A4F7556}") = "GarageManager.Domain", "Data\GarageManager.Domain\GarageManager.Domain.csproj", "{858589D8-0434-4A10-A716-D2E1AE271204}"
EndProject
Project("{9A19103F-16F7-4668-BE54-9A1E7A4F7556}") = "GarageManager.Web", "Web\GarageManager.Web\GarageManager.Web.csproj", "{D156AD31-FA4E-43C0-A06B-A324E94277D3}"
EndProject
Global
	GlobalSection(SolutionConfigurationPlatforms) = preSolution
		Debug|Any CPU = Debug|Any CPU
		Release|Any CPU = Release|Any CPU
	EndGlobalSection
	GlobalSection(ProjectConfigurationPlatforms) = postSolution
		{C008A2CF-3A16-4945-9235-E527E98BA23C}.Debug|Any CPU.ActiveCfg = Debug|Any CPU
		{C008A2CF-3A16-4945-9235-E527E98BA23C}.Debug|Any CPU.Build.0 = Debug|Any CPU
		{C008A2CF-3A16-4945-9235-E527E98BA23C}.Release|Any CPU.ActiveCfg = Release|Any CPU
		{C008A2CF-3A16-4945-9235-E527E98BA23C}.Release|Any CPU.Build.0 = Release|Any CPU
		{7F05F2FE-61A7-4B2A-86B2-303DBEC4DE2A}.Debug|Any CPU.ActiveCfg = Debug|Any CPU
		{7F05F2FE-61A7-4B2A-86B2-303DBEC4DE2A}.Debug|Any CPU.Build.0 = Debug|Any CPU
		{7F05F2FE-61A7-4B2A-86B2-303DBEC4DE2A}.Release|Any CPU.ActiveCfg = Release|Any CPU
		{7F05F2FE-61A7-4B2A-86B2-303DBEC4DE2A}.Release|Any CPU.Build.0 = Release|Any CPU
		{3559C215-32E6-467C-881D-A25FAE4E10DE}.Debug|Any CPU.ActiveCfg = Debug|Any CPU
		{3559C215-32E6-467C-881D-A25FAE4E10DE}.Debug|Any CPU.Build.0 = Debug|Any CPU
		{3559C215-32E6-467C-881D-A25FAE4E10DE}.Release|Any CPU.ActiveCfg = Release|Any CPU
		{3559C215-32E6-467C-881D-A25FAE4E10DE}.Release|Any CPU.Build.0 = Release|Any CPU
		{B8A25F13-E301-47B2-9ED2-85D206658966}.Debug|Any CPU.ActiveCfg = Debug|Any CPU
		{B8A25F13-E301-47B2-9ED2-85D206658966}.Debug|Any CPU.Build.0 = Debug|Any CPU
		{B8A25F13-E301-47B2-9ED2-85D206658966}.Release|Any CPU.ActiveCfg = Release|Any CPU
		{B8A25F13-E301-47B2-9ED2-85D206658966}.Release|Any CPU.Build.0 = Release|Any CPU
		{8EBE56A5-0A0E-4F39-A588-1406E3693A53}.Debug|Any CPU.ActiveCfg = Debug|Any CPU
		{8EBE56A5-0A0E-4F39-A588-1406E3693A53}.Debug|Any CPU.Build.0 = Debug|Any CPU
		{8EBE56A5-0A0E-4F39-A588-1406E3693A53}.Release|Any CPU.ActiveCfg = Release|Any CPU
		{8EBE56A5-0A0E-4F39-A588-1406E3693A53}.Release|Any CPU.Build.0 = Release|Any CPU
		{858589D8-0434-4A10-A716-D2E1AE271204}.Debug|Any CPU.ActiveCfg = Debug|Any CPU
		{858589D8-0434-4A10-A716-D2E1AE271204}.Debug|Any CPU.Build.0 = Debug|Any CPU
		{858589D8-0434-4A10-A716-D2E1AE271204}.Release|Any CPU.ActiveCfg = Release|Any CPU
		{858589D8-0434-4A10-A716-D2E1AE271204}.Release|Any CPU.Build.0 = Release|Any CPU
		{D156AD31-FA4E-43C0-A06B-A324E94277D3}.Debug|Any CPU.ActiveCfg = Debug|Any CPU
		{D156AD31-FA4E-43C0-A06B-A324E94277D3}.Debug|Any CPU.Build.0 = Debug|Any CPU
		{D156AD31-FA4E-43C0-A06B-A324E94277D3}.Release|Any CPU.ActiveCfg = Release|Any CPU
		{D156AD31-FA4E-43C0-A06B-A324E94277D3}.Release|Any CPU.Build.0 = Release|Any CPU
	EndGlobalSection
	GlobalSection(SolutionProperties) = preSolution
		HideSolutionNode = FALSE
	EndGlobalSection
	GlobalSection(ExtensibilityGlobals) = postSolution
		SolutionGuid = {B1C03285-2A09-4093-8B40-0514CFBF85DD}
	EndGlobalSection
EndGlobal
