
Microsoft Visual Studio Solution File, Format Version 12.00
# Visual Studio Version 16
VisualStudioVersion = 16.0.29009.5
MinimumVisualStudioVersion = 10.0.40219.1
Project("{9A19103F-16F7-4668-BE54-9A1E7A4F7556}") = "GarageManager.App", "GarageManager.App\GarageManager.App.csproj", "{D1A28801-0877-479B-A0B2-8C553D2A8101}"
EndProject
Project("{9A19103F-16F7-4668-BE54-9A1E7A4F7556}") = "GarageManager.Common", "GarageManager.Common\GarageManager.Common.csproj", "{C008A2CF-3A16-4945-9235-E527E98BA23C}"
EndProject
Project("{9A19103F-16F7-4668-BE54-9A1E7A4F7556}") = "GarageManager.DAL", "GarageManager.DAL\GarageManager.DAL.csproj", "{616B09BB-773C-4C21-AF64-484A90818A23}"
EndProject
Project("{9A19103F-16F7-4668-BE54-9A1E7A4F7556}") = "GarageManager.Data", "GarageManager.Data\GarageManager.Data.csproj", "{9E8C7945-1F53-4ADF-BC06-036C236D6108}"
EndProject
Project("{9A19103F-16F7-4668-BE54-9A1E7A4F7556}") = "GarageManager.Domain", "GarageManager.Domain\GarageManager.Domain.csproj", "{27FD2DAF-2D02-427D-92AF-FA7A7889DEA7}"
EndProject
Project("{9A19103F-16F7-4668-BE54-9A1E7A4F7556}") = "GarageManager.Extensions", "GarageManager.Extensions\GarageManager.Extensions.csproj", "{A860A007-939A-40A9-BAD8-5D1A8A2C2E9F}"
EndProject
Project("{9A19103F-16F7-4668-BE54-9A1E7A4F7556}") = "GarageManager.Services", "GarageManager.Services\GarageManager.Services.csproj", "{8250E4D5-17B1-48A1-9890-188A2AA66F5D}"
EndProject
Global
	GlobalSection(SolutionConfigurationPlatforms) = preSolution
		Debug|Any CPU = Debug|Any CPU
		Release|Any CPU = Release|Any CPU
	EndGlobalSection
	GlobalSection(ProjectConfigurationPlatforms) = postSolution
		{D1A28801-0877-479B-A0B2-8C553D2A8101}.Debug|Any CPU.ActiveCfg = Debug|Any CPU
		{D1A28801-0877-479B-A0B2-8C553D2A8101}.Debug|Any CPU.Build.0 = Debug|Any CPU
		{D1A28801-0877-479B-A0B2-8C553D2A8101}.Release|Any CPU.ActiveCfg = Release|Any CPU
		{D1A28801-0877-479B-A0B2-8C553D2A8101}.Release|Any CPU.Build.0 = Release|Any CPU
		{C008A2CF-3A16-4945-9235-E527E98BA23C}.Debug|Any CPU.ActiveCfg = Debug|Any CPU
		{C008A2CF-3A16-4945-9235-E527E98BA23C}.Debug|Any CPU.Build.0 = Debug|Any CPU
		{C008A2CF-3A16-4945-9235-E527E98BA23C}.Release|Any CPU.ActiveCfg = Release|Any CPU
		{C008A2CF-3A16-4945-9235-E527E98BA23C}.Release|Any CPU.Build.0 = Release|Any CPU
		{616B09BB-773C-4C21-AF64-484A90818A23}.Debug|Any CPU.ActiveCfg = Debug|Any CPU
		{616B09BB-773C-4C21-AF64-484A90818A23}.Debug|Any CPU.Build.0 = Debug|Any CPU
		{616B09BB-773C-4C21-AF64-484A90818A23}.Release|Any CPU.ActiveCfg = Release|Any CPU
		{616B09BB-773C-4C21-AF64-484A90818A23}.Release|Any CPU.Build.0 = Release|Any CPU
		{9E8C7945-1F53-4ADF-BC06-036C236D6108}.Debug|Any CPU.ActiveCfg = Debug|Any CPU
		{9E8C7945-1F53-4ADF-BC06-036C236D6108}.Debug|Any CPU.Build.0 = Debug|Any CPU
		{9E8C7945-1F53-4ADF-BC06-036C236D6108}.Release|Any CPU.ActiveCfg = Release|Any CPU
		{9E8C7945-1F53-4ADF-BC06-036C236D6108}.Release|Any CPU.Build.0 = Release|Any CPU
		{27FD2DAF-2D02-427D-92AF-FA7A7889DEA7}.Debug|Any CPU.ActiveCfg = Debug|Any CPU
		{27FD2DAF-2D02-427D-92AF-FA7A7889DEA7}.Debug|Any CPU.Build.0 = Debug|Any CPU
		{27FD2DAF-2D02-427D-92AF-FA7A7889DEA7}.Release|Any CPU.ActiveCfg = Release|Any CPU
		{27FD2DAF-2D02-427D-92AF-FA7A7889DEA7}.Release|Any CPU.Build.0 = Release|Any CPU
		{A860A007-939A-40A9-BAD8-5D1A8A2C2E9F}.Debug|Any CPU.ActiveCfg = Debug|Any CPU
		{A860A007-939A-40A9-BAD8-5D1A8A2C2E9F}.Debug|Any CPU.Build.0 = Debug|Any CPU
		{A860A007-939A-40A9-BAD8-5D1A8A2C2E9F}.Release|Any CPU.ActiveCfg = Release|Any CPU
		{A860A007-939A-40A9-BAD8-5D1A8A2C2E9F}.Release|Any CPU.Build.0 = Release|Any CPU
		{8250E4D5-17B1-48A1-9890-188A2AA66F5D}.Debug|Any CPU.ActiveCfg = Debug|Any CPU
		{8250E4D5-17B1-48A1-9890-188A2AA66F5D}.Debug|Any CPU.Build.0 = Debug|Any CPU
		{8250E4D5-17B1-48A1-9890-188A2AA66F5D}.Release|Any CPU.ActiveCfg = Release|Any CPU
		{8250E4D5-17B1-48A1-9890-188A2AA66F5D}.Release|Any CPU.Build.0 = Release|Any CPU
	EndGlobalSection
	GlobalSection(SolutionProperties) = preSolution
		HideSolutionNode = FALSE
	EndGlobalSection
	GlobalSection(ExtensibilityGlobals) = postSolution
		SolutionGuid = {B1C03285-2A09-4093-8B40-0514CFBF85DD}
	EndGlobalSection
EndGlobal
